
Microsoft Visual Studio Solution File, Format Version 12.00
# Visual Studio 15
VisualStudioVersion = 15.0.27703.2000
MinimumVisualStudioVersion = 10.0.40219.1
Project("{888888A0-9F3D-457C-B088-3A5042F75D52}") = "datamining", "datamining\datamining.pyproj", "{2897156A-1D1C-467D-9F96-13E106EC7546}"
EndProject
Global
	GlobalSection(SolutionConfigurationPlatforms) = preSolution
		Debug|Any CPU = Debug|Any CPU
		Release|Any CPU = Release|Any CPU
	EndGlobalSection
	GlobalSection(ProjectConfigurationPlatforms) = postSolution
		{2897156A-1D1C-467D-9F96-13E106EC7546}.Debug|Any CPU.ActiveCfg = Debug|Any CPU
		{2897156A-1D1C-467D-9F96-13E106EC7546}.Release|Any CPU.ActiveCfg = Release|Any CPU
	EndGlobalSection
	GlobalSection(SolutionProperties) = preSolution
		HideSolutionNode = FALSE
	EndGlobalSection
	GlobalSection(ExtensibilityGlobals) = postSolution
		SolutionGuid = {1CF8D805-3386-4899-A990-38B4B35736D6}
	EndGlobalSection
EndGlobal
